
Microsoft Visual Studio Solution File, Format Version 12.00
# Visual Studio 15
VisualStudioVersion = 15.0.28010.2048
MinimumVisualStudioVersion = 10.0.40219.1
Project("{9A19103F-16F7-4668-BE54-9A1E7A4F7556}") = "HelloDemo.Server", "HelloDemo.Server\HelloDemo.Server.csproj", "{58B1057A-919C-4E7A-8DD7-AA8BCEBE1E73}"
EndProject
Project("{9A19103F-16F7-4668-BE54-9A1E7A4F7556}") = "HelloDemo.Client", "HelloDemo.Client\HelloDemo.Client.csproj", "{BE3162D0-1B80-4BE0-94DF-C492ACF3AE67}"
EndProject
Global
	GlobalSection(SolutionConfigurationPlatforms) = preSolution
		Debug|Any CPU = Debug|Any CPU
		Release|Any CPU = Release|Any CPU
	EndGlobalSection
	GlobalSection(ProjectConfigurationPlatforms) = postSolution
		{58B1057A-919C-4E7A-8DD7-AA8BCEBE1E73}.Debug|Any CPU.ActiveCfg = Debug|Any CPU
		{58B1057A-919C-4E7A-8DD7-AA8BCEBE1E73}.Debug|Any CPU.Build.0 = Debug|Any CPU
		{58B1057A-919C-4E7A-8DD7-AA8BCEBE1E73}.Release|Any CPU.ActiveCfg = Release|Any CPU
		{58B1057A-919C-4E7A-8DD7-AA8BCEBE1E73}.Release|Any CPU.Build.0 = Release|Any CPU
		{BE3162D0-1B80-4BE0-94DF-C492ACF3AE67}.Debug|Any CPU.ActiveCfg = Debug|Any CPU
		{BE3162D0-1B80-4BE0-94DF-C492ACF3AE67}.Debug|Any CPU.Build.0 = Debug|Any CPU
		{BE3162D0-1B80-4BE0-94DF-C492ACF3AE67}.Release|Any CPU.ActiveCfg = Release|Any CPU
		{BE3162D0-1B80-4BE0-94DF-C492ACF3AE67}.Release|Any CPU.Build.0 = Release|Any CPU
	EndGlobalSection
	GlobalSection(SolutionProperties) = preSolution
		HideSolutionNode = FALSE
	EndGlobalSection
	GlobalSection(ExtensibilityGlobals) = postSolution
		SolutionGuid = {84CC6A18-6406-48A5-980B-A6A2281433EE}
	EndGlobalSection
EndGlobal
